
Microsoft Visual Studio Solution File, Format Version 12.00
# Visual Studio Version 16
VisualStudioVersion = 16.0.30804.86
MinimumVisualStudioVersion = 10.0.40219.1
Project("{F184B08F-C81C-45F6-A57F-5ABD9991F28F}") = "tovuz", "tovuz\tovuz.vbproj", "{226A56E6-F718-4B63-B2AA-4AC62E865C47}"
EndProject
Global
	GlobalSection(SolutionConfigurationPlatforms) = preSolution
		Debug|Any CPU = Debug|Any CPU
		Release|Any CPU = Release|Any CPU
	EndGlobalSection
	GlobalSection(ProjectConfigurationPlatforms) = postSolution
		{226A56E6-F718-4B63-B2AA-4AC62E865C47}.Debug|Any CPU.ActiveCfg = Debug|Any CPU
		{226A56E6-F718-4B63-B2AA-4AC62E865C47}.Debug|Any CPU.Build.0 = Debug|Any CPU
		{226A56E6-F718-4B63-B2AA-4AC62E865C47}.Release|Any CPU.ActiveCfg = Release|Any CPU
		{226A56E6-F718-4B63-B2AA-4AC62E865C47}.Release|Any CPU.Build.0 = Release|Any CPU
	EndGlobalSection
	GlobalSection(SolutionProperties) = preSolution
		HideSolutionNode = FALSE
	EndGlobalSection
	GlobalSection(ExtensibilityGlobals) = postSolution
		SolutionGuid = {5DAD6833-3C67-484A-845C-E075D98A5705}
	EndGlobalSection
EndGlobal
